# This file is automatically @generated by Cargo.
# It is not intended for manual editing.
version = 4

[[package]]
name = "nexis-cli"
version = "0.1.0"

[[package]]
name = "nexis-common"
version = "0.1.0"

[[package]]
name = "nexis-config"
version = "0.1.0"

[[package]]
name = "nexis-ctl"
version = "0.1.0"

[[package]]
name = "nexis-guard"
version = "0.1.0"

[[package]]
name = "nexis-init"
version = "0.1.0"

[[package]]
name = "nexis-installer"
version = "0.1.0"

[[package]]
name = "nexis-pm"
version = "0.1.0"

[[package]]
name = "nexis-store"
version = "0.1.0"
